
Microsoft Visual Studio Solution File, Format Version 12.00
# Visual Studio Version 17
VisualStudioVersion = 17.3.32819.101
MinimumVisualStudioVersion = 10.0.40219.1
Project("{9A19103F-16F7-4668-BE54-9A1E7A4F7556}") = "Gallery.Server", "Gallery.Server\Gallery.Server.csproj", "{8E051699-4E1B-485E-B0F2-8B3EE9C7CABA}"
EndProject
Global
	GlobalSection(SolutionConfigurationPlatforms) = preSolution
		Debug|Any CPU = Debug|Any CPU
		Release|Any CPU = Release|Any CPU
	EndGlobalSection
	GlobalSection(ProjectConfigurationPlatforms) = postSolution
		{8E051699-4E1B-485E-B0F2-8B3EE9C7CABA}.Debug|Any CPU.ActiveCfg = Debug|Any CPU
		{8E051699-4E1B-485E-B0F2-8B3EE9C7CABA}.Debug|Any CPU.Build.0 = Debug|Any CPU
		{8E051699-4E1B-485E-B0F2-8B3EE9C7CABA}.Release|Any CPU.ActiveCfg = Release|Any CPU
		{8E051699-4E1B-485E-B0F2-8B3EE9C7CABA}.Release|Any CPU.Build.0 = Release|Any CPU
	EndGlobalSection
	GlobalSection(SolutionProperties) = preSolution
		HideSolutionNode = FALSE
	EndGlobalSection
	GlobalSection(ExtensibilityGlobals) = postSolution
		SolutionGuid = {726266EB-D4B6-4B9C-8292-6DBB100F22F0}
	EndGlobalSection
EndGlobal
